// !$*UTF8*$!
{
	archiveVersion = 1;
	classes = {
	};
	objectVersion = 48;
	objects = {

/* Begin PBXBuildFile section */
		059E8E46D4717A8EEA89431B /* Pods_RxCollapsableLists.framework in Frameworks */ = {isa = PBXBuildFile; fileRef = A3A076194C7CF58B86AEF62C /* Pods_RxCollapsableLists.framework */; };
		78DF000218B4527B4C33838E /* Pods_RxCollapsableListsUITests.framework in Frameworks */ = {isa = PBXBuildFile; fileRef = C6E36CBE6C37F605299F1CB2 /* Pods_RxCollapsableListsUITests.framework */; };
		B25BA61F1FAD2DB400272E85 /* AppDelegate.swift in Sources */ = {isa = PBXBuildFile; fileRef = B25BA61E1FAD2DB400272E85 /* AppDelegate.swift */; };
		B25BA6211FAD2DB400272E85 /* ViewController.swift in Sources */ = {isa = PBXBuildFile; fileRef = B25BA6201FAD2DB400272E85 /* ViewController.swift */; };
		B25BA6241FAD2DB400272E85 /* Main.storyboard in Resources */ = {isa = PBXBuildFile; fileRef = B25BA6221FAD2DB400272E85 /* Main.storyboard */; };
		B25BA6261FAD2DB400272E85 /* Assets.xcassets in Resources */ = {isa = PBXBuildFile; fileRef = B25BA6251FAD2DB400272E85 /* Assets.xcassets */; };
		B25BA6291FAD2DB400272E85 /* LaunchScreen.storyboard in Resources */ = {isa = PBXBuildFile; fileRef = B25BA6271FAD2DB400272E85 /* LaunchScreen.storyboard */; };
		B25BA6341FAD2DB400272E85 /* RxCollapsableListsTests.swift in Sources */ = {isa = PBXBuildFile; fileRef = B25BA6331FAD2DB400272E85 /* RxCollapsableListsTests.swift */; };
		B25BA63F1FAD2DB400272E85 /* RxCollapsableListsUITests.swift in Sources */ = {isa = PBXBuildFile; fileRef = B25BA63E1FAD2DB400272E85 /* RxCollapsableListsUITests.swift */; };
		B25BA64D1FAF51CB00272E85 /* CustomHeaderView.swift in Sources */ = {isa = PBXBuildFile; fileRef = B25BA64C1FAF51CB00272E85 /* CustomHeaderView.swift */; };
		FBC527078A6B84C0A7276C30 /* Pods_RxCollapsableListsTests.framework in Frameworks */ = {isa = PBXBuildFile; fileRef = D2E5691E05E798F4BF9DAF69 /* Pods_RxCollapsableListsTests.framework */; };
/* End PBXBuildFile section */

/* Begin PBXContainerItemProxy section */
		B25BA6301FAD2DB400272E85 /* PBXContainerItemProxy */ = {
			isa = PBXContainerItemProxy;
			containerPortal = B25BA6131FAD2DB400272E85 /* Project object */;
			proxyType = 1;
			remoteGlobalIDString = B25BA61A1FAD2DB400272E85;
			remoteInfo = RxCollapsableLists;
		};
		B25BA63B1FAD2DB400272E85 /* PBXContainerItemProxy */ = {
			isa = PBXContainerItemProxy;
			containerPortal = B25BA6131FAD2DB400272E85 /* Project object */;
			proxyType = 1;
			remoteGlobalIDString = B25BA61A1FAD2DB400272E85;
			remoteInfo = RxCollapsableLists;
		};
/* End PBXContainerItemProxy section */

/* Begin PBXFileReference section */
		32AECD9D6346BC81654C49A0 /* Pods-RxCollapsableLists.release.xcconfig */ = {isa = PBXFileReference; includeInIndex = 1; lastKnownFileType = text.xcconfig; name = "Pods-RxCollapsableLists.release.xcconfig"; path = "Pods/Target Support Files/Pods-RxCollapsableLists/Pods-RxCollapsableLists.release.xcconfig"; sourceTree = "<group>"; };
		372EC51550792B5F915FAECF /* Pods-RxCollapsableListsTests.release.xcconfig */ = {isa = PBXFileReference; includeInIndex = 1; lastKnownFileType = text.xcconfig; name = "Pods-RxCollapsableListsTests.release.xcconfig"; path = "Pods/Target Support Files/Pods-RxCollapsableListsTests/Pods-RxCollapsableListsTests.release.xcconfig"; sourceTree = "<group>"; };
		58D6DB95C976912B7C1BA118 /* Pods-RxCollapsableListsUITests.release.xcconfig */ = {isa = PBXFileReference; includeInIndex = 1; lastKnownFileType = text.xcconfig; name = "Pods-RxCollapsableListsUITests.release.xcconfig"; path = "Pods/Target Support Files/Pods-RxCollapsableListsUITests/Pods-RxCollapsableListsUITests.release.xcconfig"; sourceTree = "<group>"; };
		871FE4DD146CB31F44A03246 /* Pods-RxCollapsableListsUITests.debug.xcconfig */ = {isa = PBXFileReference; includeInIndex = 1; lastKnownFileType = text.xcconfig; name = "Pods-RxCollapsableListsUITests.debug.xcconfig"; path = "Pods/Target Support Files/Pods-RxCollapsableListsUITests/Pods-RxCollapsableListsUITests.debug.xcconfig"; sourceTree = "<group>"; };
		A3A076194C7CF58B86AEF62C /* Pods_RxCollapsableLists.framework */ = {isa = PBXFileReference; explicitFileType = wrapper.framework; includeInIndex = 0; path = Pods_RxCollapsableLists.framework; sourceTree = BUILT_PRODUCTS_DIR; };
		A45386D8FEB43C67CA1E9FFD /* Pods-RxCollapsableListsTests.debug.xcconfig */ = {isa = PBXFileReference; includeInIndex = 1; lastKnownFileType = text.xcconfig; name = "Pods-RxCollapsableListsTests.debug.xcconfig"; path = "Pods/Target Support Files/Pods-RxCollapsableListsTests/Pods-RxCollapsableListsTests.debug.xcconfig"; sourceTree = "<group>"; };
		ADAB60A11D452E52332D94AB /* Pods-RxCollapsableLists.debug.xcconfig */ = {isa = PBXFileReference; includeInIndex = 1; lastKnownFileType = text.xcconfig; name = "Pods-RxCollapsableLists.debug.xcconfig"; path = "Pods/Target Support Files/Pods-RxCollapsableLists/Pods-RxCollapsableLists.debug.xcconfig"; sourceTree = "<group>"; };
		B25BA61B1FAD2DB400272E85 /* RxCollapsableLists.app */ = {isa = PBXFileReference; explicitFileType = wrapper.application; includeInIndex = 0; path = RxCollapsableLists.app; sourceTree = BUILT_PRODUCTS_DIR; };
		B25BA61E1FAD2DB400272E85 /* AppDelegate.swift */ = {isa = PBXFileReference; lastKnownFileType = sourcecode.swift; path = AppDelegate.swift; sourceTree = "<group>"; };
		B25BA6201FAD2DB400272E85 /* ViewController.swift */ = {isa = PBXFileReference; lastKnownFileType = sourcecode.swift; path = ViewController.swift; sourceTree = "<group>"; };
		B25BA6231FAD2DB400272E85 /* Base */ = {isa = PBXFileReference; lastKnownFileType = file.storyboard; name = Base; path = Base.lproj/Main.storyboard; sourceTree = "<group>"; };
		B25BA6251FAD2DB400272E85 /* Assets.xcassets */ = {isa = PBXFileReference; lastKnownFileType = folder.assetcatalog; path = Assets.xcassets; sourceTree = "<group>"; };
		B25BA6281FAD2DB400272E85 /* Base */ = {isa = PBXFileReference; lastKnownFileType = file.storyboard; name = Base; path = Base.lproj/LaunchScreen.storyboard; sourceTree = "<group>"; };
		B25BA62A1FAD2DB400272E85 /* Info.plist */ = {isa = PBXFileReference; lastKnownFileType = text.plist.xml; path = Info.plist; sourceTree = "<group>"; };
		B25BA62F1FAD2DB400272E85 /* RxCollapsableListsTests.xctest */ = {isa = PBXFileReference; explicitFileType = wrapper.cfbundle; includeInIndex = 0; path = RxCollapsableListsTests.xctest; sourceTree = BUILT_PRODUCTS_DIR; };
		B25BA6331FAD2DB400272E85 /* RxCollapsableListsTests.swift */ = {isa = PBXFileReference; lastKnownFileType = sourcecode.swift; path = RxCollapsableListsTests.swift; sourceTree = "<group>"; };
		B25BA6351FAD2DB400272E85 /* Info.plist */ = {isa = PBXFileReference; lastKnownFileType = text.plist.xml; path = Info.plist; sourceTree = "<group>"; };
		B25BA63A1FAD2DB400272E85 /* RxCollapsableListsUITests.xctest */ = {isa = PBXFileReference; explicitFileType = wrapper.cfbundle; includeInIndex = 0; path = RxCollapsableListsUITests.xctest; sourceTree = BUILT_PRODUCTS_DIR; };
		B25BA63E1FAD2DB400272E85 /* RxCollapsableListsUITests.swift */ = {isa = PBXFileReference; lastKnownFileType = sourcecode.swift; path = RxCollapsableListsUITests.swift; sourceTree = "<group>"; };
		B25BA6401FAD2DB400272E85 /* Info.plist */ = {isa = PBXFileReference; lastKnownFileType = text.plist.xml; path = Info.plist; sourceTree = "<group>"; };
		B25BA64C1FAF51CB00272E85 /* CustomHeaderView.swift */ = {isa = PBXFileReference; lastKnownFileType = sourcecode.swift; path = CustomHeaderView.swift; sourceTree = "<group>"; };
		C6E36CBE6C37F605299F1CB2 /* Pods_RxCollapsableListsUITests.framework */ = {isa = PBXFileReference; explicitFileType = wrapper.framework; includeInIndex = 0; path = Pods_RxCollapsableListsUITests.framework; sourceTree = BUILT_PRODUCTS_DIR; };
		D2E5691E05E798F4BF9DAF69 /* Pods_RxCollapsableListsTests.framework */ = {isa = PBXFileReference; explicitFileType = wrapper.framework; includeInIndex = 0; path = Pods_RxCollapsableListsTests.framework; sourceTree = BUILT_PRODUCTS_DIR; };
/* End PBXFileReference section */

/* Begin PBXFrameworksBuildPhase section */
		B25BA6181FAD2DB400272E85 /* Frameworks */ = {
			isa = PBXFrameworksBuildPhase;
			buildActionMask = 2147483647;
			files = (
				059E8E46D4717A8EEA89431B /* Pods_RxCollapsableLists.framework in Frameworks */,
			);
			runOnlyForDeploymentPostprocessing = 0;
		};
		B25BA62C1FAD2DB400272E85 /* Frameworks */ = {
			isa = PBXFrameworksBuildPhase;
			buildActionMask = 2147483647;
			files = (
				FBC527078A6B84C0A7276C30 /* Pods_RxCollapsableListsTests.framework in Frameworks */,
			);
			runOnlyForDeploymentPostprocessing = 0;
		};
		B25BA6371FAD2DB400272E85 /* Frameworks */ = {
			isa = PBXFrameworksBuildPhase;
			buildActionMask = 2147483647;
			files = (
				78DF000218B4527B4C33838E /* Pods_RxCollapsableListsUITests.framework in Frameworks */,
			);
			runOnlyForDeploymentPostprocessing = 0;
		};
/* End PBXFrameworksBuildPhase section */

/* Begin PBXGroup section */
		020DADDB82B32FDD0D378F09 /* Frameworks */ = {
			isa = PBXGroup;
			children = (
				A3A076194C7CF58B86AEF62C /* Pods_RxCollapsableLists.framework */,
				D2E5691E05E798F4BF9DAF69 /* Pods_RxCollapsableListsTests.framework */,
				C6E36CBE6C37F605299F1CB2 /* Pods_RxCollapsableListsUITests.framework */,
			);
			name = Frameworks;
			sourceTree = "<group>";
		};
		B25BA6121FAD2DB400272E85 = {
			isa = PBXGroup;
			children = (
				B25BA61D1FAD2DB400272E85 /* RxCollapsableLists */,
				B25BA6321FAD2DB400272E85 /* RxCollapsableListsTests */,
				B25BA63D1FAD2DB400272E85 /* RxCollapsableListsUITests */,
				B25BA61C1FAD2DB400272E85 /* Products */,
				ECDAC2BD0022FCA1C03EB8F8 /* Pods */,
				020DADDB82B32FDD0D378F09 /* Frameworks */,
			);
			sourceTree = "<group>";
		};
		B25BA61C1FAD2DB400272E85 /* Products */ = {
			isa = PBXGroup;
			children = (
				B25BA61B1FAD2DB400272E85 /* RxCollapsableLists.app */,
				B25BA62F1FAD2DB400272E85 /* RxCollapsableListsTests.xctest */,
				B25BA63A1FAD2DB400272E85 /* RxCollapsableListsUITests.xctest */,
			);
			name = Products;
			sourceTree = "<group>";
		};
		B25BA61D1FAD2DB400272E85 /* RxCollapsableLists */ = {
			isa = PBXGroup;
			children = (
				B25BA61E1FAD2DB400272E85 /* AppDelegate.swift */,
				B25BA6201FAD2DB400272E85 /* ViewController.swift */,
				B25BA6221FAD2DB400272E85 /* Main.storyboard */,
				B25BA6251FAD2DB400272E85 /* Assets.xcassets */,
				B25BA6271FAD2DB400272E85 /* LaunchScreen.storyboard */,
				B25BA62A1FAD2DB400272E85 /* Info.plist */,
				B25BA64C1FAF51CB00272E85 /* CustomHeaderView.swift */,
			);
			path = RxCollapsableLists;
			sourceTree = "<group>";
		};
		B25BA6321FAD2DB400272E85 /* RxCollapsableListsTests */ = {
			isa = PBXGroup;
			children = (
				B25BA6331FAD2DB400272E85 /* RxCollapsableListsTests.swift */,
				B25BA6351FAD2DB400272E85 /* Info.plist */,
			);
			path = RxCollapsableListsTests;
			sourceTree = "<group>";
		};
		B25BA63D1FAD2DB400272E85 /* RxCollapsableListsUITests */ = {
			isa = PBXGroup;
			children = (
				B25BA63E1FAD2DB400272E85 /* RxCollapsableListsUITests.swift */,
				B25BA6401FAD2DB400272E85 /* Info.plist */,
			);
			path = RxCollapsableListsUITests;
			sourceTree = "<group>";
		};
		ECDAC2BD0022FCA1C03EB8F8 /* Pods */ = {
			isa = PBXGroup;
			children = (
				ADAB60A11D452E52332D94AB /* Pods-RxCollapsableLists.debug.xcconfig */,
				32AECD9D6346BC81654C49A0 /* Pods-RxCollapsableLists.release.xcconfig */,
				A45386D8FEB43C67CA1E9FFD /* Pods-RxCollapsableListsTests.debug.xcconfig */,
				372EC51550792B5F915FAECF /* Pods-RxCollapsableListsTests.release.xcconfig */,
				871FE4DD146CB31F44A03246 /* Pods-RxCollapsableListsUITests.debug.xcconfig */,
				58D6DB95C976912B7C1BA118 /* Pods-RxCollapsableListsUITests.release.xcconfig */,
			);
			name = Pods;
			sourceTree = "<group>";
		};
/* End PBXGroup section */

/* Begin PBXNativeTarget section */
		B25BA61A1FAD2DB400272E85 /* RxCollapsableLists */ = {
			isa = PBXNativeTarget;
			buildConfigurationList = B25BA6431FAD2DB400272E85 /* Build configuration list for PBXNativeTarget "RxCollapsableLists" */;
			buildPhases = (
				2ED948D20C694E9EE08F5906 /* [CP] Check Pods Manifest.lock */,
				B25BA6171FAD2DB400272E85 /* Sources */,
				B25BA6181FAD2DB400272E85 /* Frameworks */,
				B25BA6191FAD2DB400272E85 /* Resources */,
				C21D8D6F1B46530A43EAFD75 /* [CP] Embed Pods Frameworks */,
				A6724CDA0C8FDE8DA3BDD240 /* [CP] Copy Pods Resources */,
			);
			buildRules = (
			);
			dependencies = (
			);
			name = RxCollapsableLists;
			productName = RxCollapsableLists;
			productReference = B25BA61B1FAD2DB400272E85 /* RxCollapsableLists.app */;
			productType = "com.apple.product-type.application";
		};
		B25BA62E1FAD2DB400272E85 /* RxCollapsableListsTests */ = {
			isa = PBXNativeTarget;
			buildConfigurationList = B25BA6461FAD2DB400272E85 /* Build configuration list for PBXNativeTarget "RxCollapsableListsTests" */;
			buildPhases = (
				FCF8A036B247FDC5568243FD /* [CP] Check Pods Manifest.lock */,
				B25BA62B1FAD2DB400272E85 /* Sources */,
				B25BA62C1FAD2DB400272E85 /* Frameworks */,
				B25BA62D1FAD2DB400272E85 /* Resources */,
				3CEEBE8379CB7DEFF269F804 /* [CP] Embed Pods Frameworks */,
				74FD709C3D1F774B8B38DB20 /* [CP] Copy Pods Resources */,
			);
			buildRules = (
			);
			dependencies = (
				B25BA6311FAD2DB400272E85 /* PBXTargetDependency */,
			);
			name = RxCollapsableListsTests;
			productName = RxCollapsableListsTests;
			productReference = B25BA62F1FAD2DB400272E85 /* RxCollapsableListsTests.xctest */;
			productType = "com.apple.product-type.bundle.unit-test";
		};
		B25BA6391FAD2DB400272E85 /* RxCollapsableListsUITests */ = {
			isa = PBXNativeTarget;
			buildConfigurationList = B25BA6491FAD2DB400272E85 /* Build configuration list for PBXNativeTarget "RxCollapsableListsUITests" */;
			buildPhases = (
				CF96DF8176C4E301A11C3DCB /* [CP] Check Pods Manifest.lock */,
				B25BA6361FAD2DB400272E85 /* Sources */,
				B25BA6371FAD2DB400272E85 /* Frameworks */,
				B25BA6381FAD2DB400272E85 /* Resources */,
				2FC156D6C6D6DE0664A51B3E /* [CP] Embed Pods Frameworks */,
				2BB7C54AD02CFEBE033F3B4C /* [CP] Copy Pods Resources */,
			);
			buildRules = (
			);
			dependencies = (
				B25BA63C1FAD2DB400272E85 /* PBXTargetDependency */,
			);
			name = RxCollapsableListsUITests;
			productName = RxCollapsableListsUITests;
			productReference = B25BA63A1FAD2DB400272E85 /* RxCollapsableListsUITests.xctest */;
			productType = "com.apple.product-type.bundle.ui-testing";
		};
/* End PBXNativeTarget section */

/* Begin PBXProject section */
		B25BA6131FAD2DB400272E85 /* Project object */ = {
			isa = PBXProject;
			attributes = {
				LastSwiftUpdateCheck = 0910;
				LastUpgradeCheck = 0910;
				ORGANIZATIONNAME = twof;
				TargetAttributes = {
					B25BA61A1FAD2DB400272E85 = {
						CreatedOnToolsVersion = 9.1;
						ProvisioningStyle = Automatic;
					};
					B25BA62E1FAD2DB400272E85 = {
						CreatedOnToolsVersion = 9.1;
						ProvisioningStyle = Automatic;
						TestTargetID = B25BA61A1FAD2DB400272E85;
					};
					B25BA6391FAD2DB400272E85 = {
						CreatedOnToolsVersion = 9.1;
						ProvisioningStyle = Automatic;
						TestTargetID = B25BA61A1FAD2DB400272E85;
					};
				};
			};
			buildConfigurationList = B25BA6161FAD2DB400272E85 /* Build configuration list for PBXProject "RxCollapsableLists" */;
			compatibilityVersion = "Xcode 8.0";
			developmentRegion = en;
			hasScannedForEncodings = 0;
			knownRegions = (
				en,
				Base,
			);
			mainGroup = B25BA6121FAD2DB400272E85;
			productRefGroup = B25BA61C1FAD2DB400272E85 /* Products */;
			projectDirPath = "";
			projectRoot = "";
			targets = (
				B25BA61A1FAD2DB400272E85 /* RxCollapsableLists */,
				B25BA62E1FAD2DB400272E85 /* RxCollapsableListsTests */,
				B25BA6391FAD2DB400272E85 /* RxCollapsableListsUITests */,
			);
		};
/* End PBXProject section */

/* Begin PBXResourcesBuildPhase section */
		B25BA6191FAD2DB400272E85 /* Resources */ = {
			isa = PBXResourcesBuildPhase;
			buildActionMask = 2147483647;
			files = (
				B25BA6291FAD2DB400272E85 /* LaunchScreen.storyboard in Resources */,
				B25BA6261FAD2DB400272E85 /* Assets.xcassets in Resources */,
				B25BA6241FAD2DB400272E85 /* Main.storyboard in Resources */,
			);
			runOnlyForDeploymentPostprocessing = 0;
		};
		B25BA62D1FAD2DB400272E85 /* Resources */ = {
			isa = PBXResourcesBuildPhase;
			buildActionMask = 2147483647;
			files = (
			);
			runOnlyForDeploymentPostprocessing = 0;
		};
		B25BA6381FAD2DB400272E85 /* Resources */ = {
			isa = PBXResourcesBuildPhase;
			buildActionMask = 2147483647;
			files = (
			);
			runOnlyForDeploymentPostprocessing = 0;
		};
/* End PBXResourcesBuildPhase section */

/* Begin PBXShellScriptBuildPhase section */
		2BB7C54AD02CFEBE033F3B4C /* [CP] Copy Pods Resources */ = {
			isa = PBXShellScriptBuildPhase;
			buildActionMask = 2147483647;
			files = (
			);
			inputPaths = (
			);
			name = "[CP] Copy Pods Resources";
			outputPaths = (
			);
			runOnlyForDeploymentPostprocessing = 0;
			shellPath = /bin/sh;
			shellScript = "\"${SRCROOT}/Pods/Target Support Files/Pods-RxCollapsableListsUITests/Pods-RxCollapsableListsUITests-resources.sh\"\n";
			showEnvVarsInLog = 0;
		};
		2ED948D20C694E9EE08F5906 /* [CP] Check Pods Manifest.lock */ = {
			isa = PBXShellScriptBuildPhase;
			buildActionMask = 2147483647;
			files = (
			);
			inputPaths = (
				"${PODS_PODFILE_DIR_PATH}/Podfile.lock",
				"${PODS_ROOT}/Manifest.lock",
			);
			name = "[CP] Check Pods Manifest.lock";
			outputPaths = (
				"$(DERIVED_FILE_DIR)/Pods-RxCollapsableLists-checkManifestLockResult.txt",
			);
			runOnlyForDeploymentPostprocessing = 0;
			shellPath = /bin/sh;
			shellScript = "diff \"${PODS_PODFILE_DIR_PATH}/Podfile.lock\" \"${PODS_ROOT}/Manifest.lock\" > /dev/null\nif [ $? != 0 ] ; then\n    # print error to STDERR\n    echo \"error: The sandbox is not in sync with the Podfile.lock. Run 'pod install' or update your CocoaPods installation.\" >&2\n    exit 1\nfi\n# This output is used by Xcode 'outputs' to avoid re-running this script phase.\necho \"SUCCESS\" > \"${SCRIPT_OUTPUT_FILE_0}\"\n";
			showEnvVarsInLog = 0;
		};
		2FC156D6C6D6DE0664A51B3E /* [CP] Embed Pods Frameworks */ = {
			isa = PBXShellScriptBuildPhase;
			buildActionMask = 2147483647;
			files = (
			);
			inputPaths = (
			);
			name = "[CP] Embed Pods Frameworks";
			outputPaths = (
			);
			runOnlyForDeploymentPostprocessing = 0;
			shellPath = /bin/sh;
			shellScript = "\"${SRCROOT}/Pods/Target Support Files/Pods-RxCollapsableListsUITests/Pods-RxCollapsableListsUITests-frameworks.sh\"\n";
			showEnvVarsInLog = 0;
		};
		3CEEBE8379CB7DEFF269F804 /* [CP] Embed Pods Frameworks */ = {
			isa = PBXShellScriptBuildPhase;
			buildActionMask = 2147483647;
			files = (
			);
			inputPaths = (
			);
			name = "[CP] Embed Pods Frameworks";
			outputPaths = (
			);
			runOnlyForDeploymentPostprocessing = 0;
			shellPath = /bin/sh;
			shellScript = "\"${SRCROOT}/Pods/Target Support Files/Pods-RxCollapsableListsTests/Pods-RxCollapsableListsTests-frameworks.sh\"\n";
			showEnvVarsInLog = 0;
		};
		74FD709C3D1F774B8B38DB20 /* [CP] Copy Pods Resources */ = {
			isa = PBXShellScriptBuildPhase;
			buildActionMask = 2147483647;
			files = (
			);
			inputPaths = (
			);
			name = "[CP] Copy Pods Resources";
			outputPaths = (
			);
			runOnlyForDeploymentPostprocessing = 0;
			shellPath = /bin/sh;
			shellScript = "\"${SRCROOT}/Pods/Target Support Files/Pods-RxCollapsableListsTests/Pods-RxCollapsableListsTests-resources.sh\"\n";
			showEnvVarsInLog = 0;
		};
		A6724CDA0C8FDE8DA3BDD240 /* [CP] Copy Pods Resources */ = {
			isa = PBXShellScriptBuildPhase;
			buildActionMask = 2147483647;
			files = (
			);
			inputPaths = (
			);
			name = "[CP] Copy Pods Resources";
			outputPaths = (
			);
			runOnlyForDeploymentPostprocessing = 0;
			shellPath = /bin/sh;
			shellScript = "\"${SRCROOT}/Pods/Target Support Files/Pods-RxCollapsableLists/Pods-RxCollapsableLists-resources.sh\"\n";
			showEnvVarsInLog = 0;
		};
		C21D8D6F1B46530A43EAFD75 /* [CP] Embed Pods Frameworks */ = {
			isa = PBXShellScriptBuildPhase;
			buildActionMask = 2147483647;
			files = (
			);
			inputPaths = (
				"${SRCROOT}/Pods/Target Support Files/Pods-RxCollapsableLists/Pods-RxCollapsableLists-frameworks.sh",
				"${BUILT_PRODUCTS_DIR}/Differentiator/Differentiator.framework",
				"${BUILT_PRODUCTS_DIR}/RxCocoa/RxCocoa.framework",
				"${BUILT_PRODUCTS_DIR}/RxDataSources/RxDataSources.framework",
				"${BUILT_PRODUCTS_DIR}/RxSwift/RxSwift.framework",
			);
			name = "[CP] Embed Pods Frameworks";
			outputPaths = (
				"${TARGET_BUILD_DIR}/${FRAMEWORKS_FOLDER_PATH}/Differentiator.framework",
				"${TARGET_BUILD_DIR}/${FRAMEWORKS_FOLDER_PATH}/RxCocoa.framework",
				"${TARGET_BUILD_DIR}/${FRAMEWORKS_FOLDER_PATH}/RxDataSources.framework",
				"${TARGET_BUILD_DIR}/${FRAMEWORKS_FOLDER_PATH}/RxSwift.framework",
			);
			runOnlyForDeploymentPostprocessing = 0;
			shellPath = /bin/sh;
			shellScript = "\"${SRCROOT}/Pods/Target Support Files/Pods-RxCollapsableLists/Pods-RxCollapsableLists-frameworks.sh\"\n";
			showEnvVarsInLog = 0;
		};
		CF96DF8176C4E301A11C3DCB /* [CP] Check Pods Manifest.lock */ = {
			isa = PBXShellScriptBuildPhase;
			buildActionMask = 2147483647;
			files = (
			);
			inputPaths = (
				"${PODS_PODFILE_DIR_PATH}/Podfile.lock",
				"${PODS_ROOT}/Manifest.lock",
			);
			name = "[CP] Check Pods Manifest.lock";
			outputPaths = (
				"$(DERIVED_FILE_DIR)/Pods-RxCollapsableListsUITests-checkManifestLockResult.txt",
			);
			runOnlyForDeploymentPostprocessing = 0;
			shellPath = /bin/sh;
			shellScript = "diff \"${PODS_PODFILE_DIR_PATH}/Podfile.lock\" \"${PODS_ROOT}/Manifest.lock\" > /dev/null\nif [ $? != 0 ] ; then\n    # print error to STDERR\n    echo \"error: The sandbox is not in sync with the Podfile.lock. Run 'pod install' or update your CocoaPods installation.\" >&2\n    exit 1\nfi\n# This output is used by Xcode 'outputs' to avoid re-running this script phase.\necho \"SUCCESS\" > \"${SCRIPT_OUTPUT_FILE_0}\"\n";
			showEnvVarsInLog = 0;
		};
		FCF8A036B247FDC5568243FD /* [CP] Check Pods Manifest.lock */ = {
			isa = PBXShellScriptBuildPhase;
			buildActionMask = 2147483647;
			files = (
			);
			inputPaths = (
				"${PODS_PODFILE_DIR_PATH}/Podfile.lock",
				"${PODS_ROOT}/Manifest.lock",
			);
			name = "[CP] Check Pods Manifest.lock";
			outputPaths = (
				"$(DERIVED_FILE_DIR)/Pods-RxCollapsableListsTests-checkManifestLockResult.txt",
			);
			runOnlyForDeploymentPostprocessing = 0;
			shellPath = /bin/sh;
			shellScript = "diff \"${PODS_PODFILE_DIR_PATH}/Podfile.lock\" \"${PODS_ROOT}/Manifest.lock\" > /dev/null\nif [ $? != 0 ] ; then\n    # print error to STDERR\n    echo \"error: The sandbox is not in sync with the Podfile.lock. Run 'pod install' or update your CocoaPods installation.\" >&2\n    exit 1\nfi\n# This output is used by Xcode 'outputs' to avoid re-running this script phase.\necho \"SUCCESS\" > \"${SCRIPT_OUTPUT_FILE_0}\"\n";
			showEnvVarsInLog = 0;
		};
/* End PBXShellScriptBuildPhase section */

/* Begin PBXSourcesBuildPhase section */
		B25BA6171FAD2DB400272E85 /* Sources */ = {
			isa = PBXSourcesBuildPhase;
			buildActionMask = 2147483647;
			files = (
				B25BA6211FAD2DB400272E85 /* ViewController.swift in Sources */,
				B25BA64D1FAF51CB00272E85 /* CustomHeaderView.swift in Sources */,
				B25BA61F1FAD2DB400272E85 /* AppDelegate.swift in Sources */,
			);
			runOnlyForDeploymentPostprocessing = 0;
		};
		B25BA62B1FAD2DB400272E85 /* Sources */ = {
			isa = PBXSourcesBuildPhase;
			buildActionMask = 2147483647;
			files = (
				B25BA6341FAD2DB400272E85 /* RxCollapsableListsTests.swift in Sources */,
			);
			runOnlyForDeploymentPostprocessing = 0;
		};
		B25BA6361FAD2DB400272E85 /* Sources */ = {
			isa = PBXSourcesBuildPhase;
			buildActionMask = 2147483647;
			files = (
				B25BA63F1FAD2DB400272E85 /* RxCollapsableListsUITests.swift in Sources */,
			);
			runOnlyForDeploymentPostprocessing = 0;
		};
/* End PBXSourcesBuildPhase section */

/* Begin PBXTargetDependency section */
		B25BA6311FAD2DB400272E85 /* PBXTargetDependency */ = {
			isa = PBXTargetDependency;
			target = B25BA61A1FAD2DB400272E85 /* RxCollapsableLists */;
			targetProxy = B25BA6301FAD2DB400272E85 /* PBXContainerItemProxy */;
		};
		B25BA63C1FAD2DB400272E85 /* PBXTargetDependency */ = {
			isa = PBXTargetDependency;
			target = B25BA61A1FAD2DB400272E85 /* RxCollapsableLists */;
			targetProxy = B25BA63B1FAD2DB400272E85 /* PBXContainerItemProxy */;
		};
/* End PBXTargetDependency section */

/* Begin PBXVariantGroup section */
		B25BA6221FAD2DB400272E85 /* Main.storyboard */ = {
			isa = PBXVariantGroup;
			children = (
				B25BA6231FAD2DB400272E85 /* Base */,
			);
			name = Main.storyboard;
			sourceTree = "<group>";
		};
		B25BA6271FAD2DB400272E85 /* LaunchScreen.storyboard */ = {
			isa = PBXVariantGroup;
			children = (
				B25BA6281FAD2DB400272E85 /* Base */,
			);
			name = LaunchScreen.storyboard;
			sourceTree = "<group>";
		};
/* End PBXVariantGroup section */

/* Begin XCBuildConfiguration section */
		B25BA6411FAD2DB400272E85 /* Debug */ = {
			isa = XCBuildConfiguration;
			buildSettings = {
				ALWAYS_SEARCH_USER_PATHS = NO;
				CLANG_ANALYZER_NONNULL = YES;
				CLANG_ANALYZER_NUMBER_OBJECT_CONVERSION = YES_AGGRESSIVE;
				CLANG_CXX_LANGUAGE_STANDARD = "gnu++14";
				CLANG_CXX_LIBRARY = "libc++";
				CLANG_ENABLE_MODULES = YES;
				CLANG_ENABLE_OBJC_ARC = YES;
				CLANG_WARN_BLOCK_CAPTURE_AUTORELEASING = YES;
				CLANG_WARN_BOOL_CONVERSION = YES;
				CLANG_WARN_COMMA = YES;
				CLANG_WARN_CONSTANT_CONVERSION = YES;
				CLANG_WARN_DIRECT_OBJC_ISA_USAGE = YES_ERROR;
				CLANG_WARN_DOCUMENTATION_COMMENTS = YES;
				CLANG_WARN_EMPTY_BODY = YES;
				CLANG_WARN_ENUM_CONVERSION = YES;
				CLANG_WARN_INFINITE_RECURSION = YES;
				CLANG_WARN_INT_CONVERSION = YES;
				CLANG_WARN_NON_LITERAL_NULL_CONVERSION = YES;
				CLANG_WARN_OBJC_LITERAL_CONVERSION = YES;
				CLANG_WARN_OBJC_ROOT_CLASS = YES_ERROR;
				CLANG_WARN_RANGE_LOOP_ANALYSIS = YES;
				CLANG_WARN_STRICT_PROTOTYPES = YES;
				CLANG_WARN_SUSPICIOUS_MOVE = YES;
				CLANG_WARN_UNGUARDED_AVAILABILITY = YES_AGGRESSIVE;
				CLANG_WARN_UNREACHABLE_CODE = YES;
				CLANG_WARN__DUPLICATE_METHOD_MATCH = YES;
				CODE_SIGN_IDENTITY = "iPhone Developer";
				COPY_PHASE_STRIP = NO;
				DEBUG_INFORMATION_FORMAT = dwarf;
				ENABLE_STRICT_OBJC_MSGSEND = YES;
				ENABLE_TESTABILITY = YES;
				GCC_C_LANGUAGE_STANDARD = gnu11;
				GCC_DYNAMIC_NO_PIC = NO;
				GCC_NO_COMMON_BLOCKS = YES;
				GCC_OPTIMIZATION_LEVEL = 0;
				GCC_PREPROCESSOR_DEFINITIONS = (
					"DEBUG=1",
					"$(inherited)",
				);
				GCC_WARN_64_TO_32_BIT_CONVERSION = YES;
				GCC_WARN_ABOUT_RETURN_TYPE = YES_ERROR;
				GCC_WARN_UNDECLARED_SELECTOR = YES;
				GCC_WARN_UNINITIALIZED_AUTOS = YES_AGGRESSIVE;
				GCC_WARN_UNUSED_FUNCTION = YES;
				GCC_WARN_UNUSED_VARIABLE = YES;
				IPHONEOS_DEPLOYMENT_TARGET = 11.1;
				MTL_ENABLE_DEBUG_INFO = YES;
				ONLY_ACTIVE_ARCH = YES;
				SDKROOT = iphoneos;
				SWIFT_ACTIVE_COMPILATION_CONDITIONS = DEBUG;
				SWIFT_OPTIMIZATION_LEVEL = "-Onone";
			};
			name = Debug;
		};
		B25BA6421FAD2DB400272E85 /* Release */ = {
			isa = XCBuildConfiguration;
			buildSettings = {
				ALWAYS_SEARCH_USER_PATHS = NO;
				CLANG_ANALYZER_NONNULL = YES;
				CLANG_ANALYZER_NUMBER_OBJECT_CONVERSION = YES_AGGRESSIVE;
				CLANG_CXX_LANGUAGE_STANDARD = "gnu++14";
				CLANG_CXX_LIBRARY = "libc++";
				CLANG_ENABLE_MODULES = YES;
				CLANG_ENABLE_OBJC_ARC = YES;
				CLANG_WARN_BLOCK_CAPTURE_AUTORELEASING = YES;
				CLANG_WARN_BOOL_CONVERSION = YES;
				CLANG_WARN_COMMA = YES;
				CLANG_WARN_CONSTANT_CONVERSION = YES;
				CLANG_WARN_DIRECT_OBJC_ISA_USAGE = YES_ERROR;
				CLANG_WARN_DOCUMENTATION_COMMENTS = YES;
				CLANG_WARN_EMPTY_BODY = YES;
				CLANG_WARN_ENUM_CONVERSION = YES;
				CLANG_WARN_INFINITE_RECURSION = YES;
				CLANG_WARN_INT_CONVERSION = YES;
				CLANG_WARN_NON_LITERAL_NULL_CONVERSION = YES;
				CLANG_WARN_OBJC_LITERAL_CONVERSION = YES;
				CLANG_WARN_OBJC_ROOT_CLASS = YES_ERROR;
				CLANG_WARN_RANGE_LOOP_ANALYSIS = YES;
				CLANG_WARN_STRICT_PROTOTYPES = YES;
				CLANG_WARN_SUSPICIOUS_MOVE = YES;
				CLANG_WARN_UNGUARDED_AVAILABILITY = YES_AGGRESSIVE;
				CLANG_WARN_UNREACHABLE_CODE = YES;
				CLANG_WARN__DUPLICATE_METHOD_MATCH = YES;
				CODE_SIGN_IDENTITY = "iPhone Developer";
				COPY_PHASE_STRIP = NO;
				DEBUG_INFORMATION_FORMAT = "dwarf-with-dsym";
				ENABLE_NS_ASSERTIONS = NO;
				ENABLE_STRICT_OBJC_MSGSEND = YES;
				GCC_C_LANGUAGE_STANDARD = gnu11;
				GCC_NO_COMMON_BLOCKS = YES;
				GCC_WARN_64_TO_32_BIT_CONVERSION = YES;
				GCC_WARN_ABOUT_RETURN_TYPE = YES_ERROR;
				GCC_WARN_UNDECLARED_SELECTOR = YES;
				GCC_WARN_UNINITIALIZED_AUTOS = YES_AGGRESSIVE;
				GCC_WARN_UNUSED_FUNCTION = YES;
				GCC_WARN_UNUSED_VARIABLE = YES;
				IPHONEOS_DEPLOYMENT_TARGET = 11.1;
				MTL_ENABLE_DEBUG_INFO = NO;
				SDKROOT = iphoneos;
				SWIFT_OPTIMIZATION_LEVEL = "-Owholemodule";
				VALIDATE_PRODUCT = YES;
			};
			name = Release;
		};
		B25BA6441FAD2DB400272E85 /* Debug */ = {
			isa = XCBuildConfiguration;
			baseConfigurationReference = ADAB60A11D452E52332D94AB /* Pods-RxCollapsableLists.debug.xcconfig */;
			buildSettings = {
				ASSETCATALOG_COMPILER_APPICON_NAME = AppIcon;
				CODE_SIGN_STYLE = Automatic;
				INFOPLIST_FILE = RxCollapsableLists/Info.plist;
				LD_RUNPATH_SEARCH_PATHS = "$(inherited) @executable_path/Frameworks";
				PRODUCT_BUNDLE_IDENTIFIER = com.twof.RxCollapsableLists;
				PRODUCT_NAME = "$(TARGET_NAME)";
				SWIFT_VERSION = 4.0;
				TARGETED_DEVICE_FAMILY = "1,2";
			};
			name = Debug;
		};
		B25BA6451FAD2DB400272E85 /* Release */ = {
			isa = XCBuildConfiguration;
			baseConfigurationReference = 32AECD9D6346BC81654C49A0 /* Pods-RxCollapsableLists.release.xcconfig */;
			buildSettings = {
				ASSETCATALOG_COMPILER_APPICON_NAME = AppIcon;
				CODE_SIGN_STYLE = Automatic;
				INFOPLIST_FILE = RxCollapsableLists/Info.plist;
				LD_RUNPATH_SEARCH_PATHS = "$(inherited) @executable_path/Frameworks";
				PRODUCT_BUNDLE_IDENTIFIER = com.twof.RxCollapsableLists;
				PRODUCT_NAME = "$(TARGET_NAME)";
				SWIFT_VERSION = 4.0;
				TARGETED_DEVICE_FAMILY = "1,2";
			};
			name = Release;
		};
		B25BA6471FAD2DB400272E85 /* Debug */ = {
			isa = XCBuildConfiguration;
			baseConfigurationReference = A45386D8FEB43C67CA1E9FFD /* Pods-RxCollapsableListsTests.debug.xcconfig */;
			buildSettings = {
				ALWAYS_EMBED_SWIFT_STANDARD_LIBRARIES = YES;
				BUNDLE_LOADER = "$(TEST_HOST)";
				CODE_SIGN_STYLE = Automatic;
				INFOPLIST_FILE = RxCollapsableListsTests/Info.plist;
				LD_RUNPATH_SEARCH_PATHS = "$(inherited) @executable_path/Frameworks @loader_path/Frameworks";
				PRODUCT_BUNDLE_IDENTIFIER = com.twof.RxCollapsableListsTests;
				PRODUCT_NAME = "$(TARGET_NAME)";
				SWIFT_VERSION = 4.0;
				TARGETED_DEVICE_FAMILY = "1,2";
				TEST_HOST = "$(BUILT_PRODUCTS_DIR)/RxCollapsableLists.app/RxCollapsableLists";
			};
			name = Debug;
		};
		B25BA6481FAD2DB400272E85 /* Release */ = {
			isa = XCBuildConfiguration;
			baseConfigurationReference = 372EC51550792B5F915FAECF /* Pods-RxCollapsableListsTests.release.xcconfig */;
			buildSettings = {
				ALWAYS_EMBED_SWIFT_STANDARD_LIBRARIES = YES;
				BUNDLE_LOADER = "$(TEST_HOST)";
				CODE_SIGN_STYLE = Automatic;
				INFOPLIST_FILE = RxCollapsableListsTests/Info.plist;
				LD_RUNPATH_SEARCH_PATHS = "$(inherited) @executable_path/Frameworks @loader_path/Frameworks";
				PRODUCT_BUNDLE_IDENTIFIER = com.twof.RxCollapsableListsTests;
				PRODUCT_NAME = "$(TARGET_NAME)";
				SWIFT_VERSION = 4.0;
				TARGETED_DEVICE_FAMILY = "1,2";
				TEST_HOST = "$(BUILT_PRODUCTS_DIR)/RxCollapsableLists.app/RxCollapsableLists";
			};
			name = Release;
		};
		B25BA64A1FAD2DB400272E85 /* Debug */ = {
			isa = XCBuildConfiguration;
			baseConfigurationReference = 871FE4DD146CB31F44A03246 /* Pods-RxCollapsableListsUITests.debug.xcconfig */;
			buildSettings = {
				ALWAYS_EMBED_SWIFT_STANDARD_LIBRARIES = YES;
				CODE_SIGN_STYLE = Automatic;
				INFOPLIST_FILE = RxCollapsableListsUITests/Info.plist;
				LD_RUNPATH_SEARCH_PATHS = "$(inherited) @executable_path/Frameworks @loader_path/Frameworks";
				PRODUCT_BUNDLE_IDENTIFIER = com.twof.RxCollapsableListsUITests;
				PRODUCT_NAME = "$(TARGET_NAME)";
				SWIFT_VERSION = 4.0;
				TARGETED_DEVICE_FAMILY = "1,2";
				TEST_TARGET_NAME = RxCollapsableLists;
			};
			name = Debug;
		};
		B25BA64B1FAD2DB400272E85 /* Release */ = {
			isa = XCBuildConfiguration;
			baseConfigurationReference = 58D6DB95C976912B7C1BA118 /* Pods-RxCollapsableListsUITests.release.xcconfig */;
			buildSettings = {
				ALWAYS_EMBED_SWIFT_STANDARD_LIBRARIES = YES;
				CODE_SIGN_STYLE = Automatic;
				INFOPLIST_FILE = RxCollapsableListsUITests/Info.plist;
				LD_RUNPATH_SEARCH_PATHS = "$(inherited) @executable_path/Frameworks @loader_path/Frameworks";
				PRODUCT_BUNDLE_IDENTIFIER = com.twof.RxCollapsableListsUITests;
				PRODUCT_NAME = "$(TARGET_NAME)";
				SWIFT_VERSION = 4.0;
				TARGETED_DEVICE_FAMILY = "1,2";
				TEST_TARGET_NAME = RxCollapsableLists;
			};
			name = Release;
		};
/* End XCBuildConfiguration section */

/* Begin XCConfigurationList section */
		B25BA6161FAD2DB400272E85 /* Build configuration list for PBXProject "RxCollapsableLists" */ = {
			isa = XCConfigurationList;
			buildConfigurations = (
				B25BA6411FAD2DB400272E85 /* Debug */,
				B25BA6421FAD2DB400272E85 /* Release */,
			);
			defaultConfigurationIsVisible = 0;
			defaultConfigurationName = Release;
		};
		B25BA6431FAD2DB400272E85 /* Build configuration list for PBXNativeTarget "RxCollapsableLists" */ = {
			isa = XCConfigurationList;
			buildConfigurations = (
				B25BA6441FAD2DB400272E85 /* Debug */,
				B25BA6451FAD2DB400272E85 /* Release */,
			);
			defaultConfigurationIsVisible = 0;
			defaultConfigurationName = Release;
		};
		B25BA6461FAD2DB400272E85 /* Build configuration list for PBXNativeTarget "RxCollapsableListsTests" */ = {
			isa = XCConfigurationList;
			buildConfigurations = (
				B25BA6471FAD2DB400272E85 /* Debug */,
				B25BA6481FAD2DB400272E85 /* Release */,
			);
			defaultConfigurationIsVisible = 0;
			defaultConfigurationName = Release;
		};
		B25BA6491FAD2DB400272E85 /* Build configuration list for PBXNativeTarget "RxCollapsableListsUITests" */ = {
			isa = XCConfigurationList;
			buildConfigurations = (
				B25BA64A1FAD2DB400272E85 /* Debug */,
				B25BA64B1FAD2DB400272E85 /* Release */,
			);
			defaultConfigurationIsVisible = 0;
			defaultConfigurationName = Release;
		};
/* End XCConfigurationList section */
	};
	rootObject = B25BA6131FAD2DB400272E85 /* Project object */;
}
